
Microsoft Visual Studio Solution File, Format Version 12.00
# Visual Studio Version 17
VisualStudioVersion = 17.14.36414.22 d17.14
MinimumVisualStudioVersion = 10.0.40219.1
Project("{FAE04EC0-301F-11D3-BF4B-00C04F79EFBC}") = "BetterZeroing", "BetterZeroing.csproj", "{CBB30076-658B-BA2C-C2D9-FF03A79F96E8}"
EndProject
Global
	GlobalSection(SolutionConfigurationPlatforms) = preSolution
		Debug|Any CPU = Debug|Any CPU
		Release|Any CPU = Release|Any CPU
	EndGlobalSection
	GlobalSection(ProjectConfigurationPlatforms) = postSolution
		{CBB30076-658B-BA2C-C2D9-FF03A79F96E8}.Debug|Any CPU.ActiveCfg = Debug|Any CPU
		{CBB30076-658B-BA2C-C2D9-FF03A79F96E8}.Debug|Any CPU.Build.0 = Debug|Any CPU
		{CBB30076-658B-BA2C-C2D9-FF03A79F96E8}.Release|Any CPU.ActiveCfg = Release|Any CPU
		{CBB30076-658B-BA2C-C2D9-FF03A79F96E8}.Release|Any CPU.Build.0 = Release|Any CPU
	EndGlobalSection
	GlobalSection(SolutionProperties) = preSolution
		HideSolutionNode = FALSE
	EndGlobalSection
	GlobalSection(ExtensibilityGlobals) = postSolution
		SolutionGuid = {1F4CFB4D-206A-47B4-89E8-A40AC82E0DAF}
	EndGlobalSection
EndGlobal
